
Microsoft Visual Studio Solution File, Format Version 12.00
# Visual Studio Version 17
VisualStudioVersion = 17.9.34728.123
MinimumVisualStudioVersion = 10.0.40219.1
Project("{FAE04EC0-301F-11D3-BF4B-00C04F79EFBC}") = "ParseOpcodes", "ParseOpcodes\ParseOpcodes.csproj", "{7DE5FBDD-7A82-4287-AA3F-DCA2B501030E}"
EndProject
Global
	GlobalSection(SolutionConfigurationPlatforms) = preSolution
		Debug|Any CPU = Debug|Any CPU
		Release|Any CPU = Release|Any CPU
	EndGlobalSection
	GlobalSection(ProjectConfigurationPlatforms) = postSolution
		{7DE5FBDD-7A82-4287-AA3F-DCA2B501030E}.Debug|Any CPU.ActiveCfg = Debug|Any CPU
		{7DE5FBDD-7A82-4287-AA3F-DCA2B501030E}.Debug|Any CPU.Build.0 = Debug|Any CPU
		{7DE5FBDD-7A82-4287-AA3F-DCA2B501030E}.Release|Any CPU.ActiveCfg = Release|Any CPU
		{7DE5FBDD-7A82-4287-AA3F-DCA2B501030E}.Release|Any CPU.Build.0 = Release|Any CPU
	EndGlobalSection
	GlobalSection(SolutionProperties) = preSolution
		HideSolutionNode = FALSE
	EndGlobalSection
	GlobalSection(ExtensibilityGlobals) = postSolution
		SolutionGuid = {ED62D2D1-4C2E-439C-AC67-4F005DBFAB11}
	EndGlobalSection
EndGlobal
