
Microsoft Visual Studio Solution File, Format Version 12.00
# Visual Studio Version 17
VisualStudioVersion = 17.9.34728.123
MinimumVisualStudioVersion = 10.0.40219.1
Project("{2150E333-8FDC-42A3-9474-1A3956D46DE8}") = "Solution Items", "Solution Items", "{1CA8D9D2-7EC0-4CFC-9CC7-63E675BD9D3A}"
	ProjectSection(SolutionItems) = preProject
		.gitattributes = .gitattributes
		.gitignore = .gitignore
		65C02 Instructions.md = 65C02 Instructions.md
		LICENSE.txt = LICENSE.txt
		README.md = README.md
	EndProjectSection
EndProject
Project("{FAE04EC0-301F-11D3-BF4B-00C04F79EFBC}") = "6502Emu", "6502Emu\6502Emu.csproj", "{DD685304-B7BD-4F64-AEA5-0ED1D734F84F}"
EndProject
Project("{FAE04EC0-301F-11D3-BF4B-00C04F79EFBC}") = "6502Emu.Tests", "6502Emu.Tests\6502Emu.Tests.csproj", "{D0EFFE29-EB9E-494E-8978-054BF1B7CC13}"
EndProject
Project("{9A19103F-16F7-4668-BE54-9A1E7A4F7556}") = "6502Emu.Core", "6502Emu.Core\6502Emu.Core.csproj", "{D80E0883-E064-4628-BE1B-6CE5268DB770}"
EndProject
Global
	GlobalSection(SolutionConfigurationPlatforms) = preSolution
		Debug|Any CPU = Debug|Any CPU
		Release|Any CPU = Release|Any CPU
	EndGlobalSection
	GlobalSection(ProjectConfigurationPlatforms) = postSolution
		{DD685304-B7BD-4F64-AEA5-0ED1D734F84F}.Debug|Any CPU.ActiveCfg = Debug|Any CPU
		{DD685304-B7BD-4F64-AEA5-0ED1D734F84F}.Debug|Any CPU.Build.0 = Debug|Any CPU
		{DD685304-B7BD-4F64-AEA5-0ED1D734F84F}.Release|Any CPU.ActiveCfg = Release|Any CPU
		{DD685304-B7BD-4F64-AEA5-0ED1D734F84F}.Release|Any CPU.Build.0 = Release|Any CPU
		{D0EFFE29-EB9E-494E-8978-054BF1B7CC13}.Debug|Any CPU.ActiveCfg = Debug|Any CPU
		{D0EFFE29-EB9E-494E-8978-054BF1B7CC13}.Debug|Any CPU.Build.0 = Debug|Any CPU
		{D0EFFE29-EB9E-494E-8978-054BF1B7CC13}.Release|Any CPU.ActiveCfg = Release|Any CPU
		{D0EFFE29-EB9E-494E-8978-054BF1B7CC13}.Release|Any CPU.Build.0 = Release|Any CPU
		{D80E0883-E064-4628-BE1B-6CE5268DB770}.Debug|Any CPU.ActiveCfg = Debug|Any CPU
		{D80E0883-E064-4628-BE1B-6CE5268DB770}.Debug|Any CPU.Build.0 = Debug|Any CPU
		{D80E0883-E064-4628-BE1B-6CE5268DB770}.Release|Any CPU.ActiveCfg = Release|Any CPU
		{D80E0883-E064-4628-BE1B-6CE5268DB770}.Release|Any CPU.Build.0 = Release|Any CPU
	EndGlobalSection
	GlobalSection(SolutionProperties) = preSolution
		HideSolutionNode = FALSE
	EndGlobalSection
	GlobalSection(ExtensibilityGlobals) = postSolution
		SolutionGuid = {ED62D2D1-4C2E-439C-AC67-4F005DBFAB11}
	EndGlobalSection
EndGlobal
